{
  "nodes": {
    "godot-cpp": {
      "flake": false,
      "locked": {
        "lastModified": 1772572073,
        "narHash": "sha256-PKxr4tUrpCQ6STGONerxqWmtwGiR5VW0T4DFK8qaI/0=",
        "ref": "4.5",
        "rev": "60b5a4196de8442b43b32ba68ebe1e79cfcb762f",
        "revCount": 1749,
        "type": "git",
        "url": "https://github.com/godotengine/godot-cpp"
      },
      "original": {
        "ref": "4.5",
        "type": "git",
        "url": "https://github.com/godotengine/godot-cpp"
      }
    },
    "nixpkgs": {
      "locked": {
        "lastModified": 1784115452,
        "narHash": "sha256-BoYPdqk6jlKXy+DyUzyGV/CtRGfAhk2MmIgBhsemTGI=",
        "owner": "NixOS",
        "repo": "nixpkgs",
        "rev": "35d3407a3816f3b341d8cf1d60abaf2b7b8166ac",
        "type": "github"
      },
      "original": {
        "owner": "NixOS",
        "repo": "nixpkgs",
        "rev": "35d3407a3816f3b341d8cf1d60abaf2b7b8166ac",
        "type": "github"
      }
    },
    "root": {
      "inputs": {
        "godot-cpp": "godot-cpp",
        "nixpkgs": "nixpkgs"
      }
    }
  },
  "root": "root",
  "version": 7
}
